
Microsoft Visual Studio Solution File, Format Version 12.00
# Visual Studio Version 17
VisualStudioVersion = 17.4.33205.214
MinimumVisualStudioVersion = 10.0.40219.1
Project("{9A19103F-16F7-4668-BE54-9A1E7A4F7556}") = "ShopingCart", "ShopingCart\ShopingCart.csproj", "{0DF583E7-B46C-482F-9327-71BD84AB3364}"
EndProject
Project("{9A19103F-16F7-4668-BE54-9A1E7A4F7556}") = "ShopingCart.Application", "ShopingCart.Application\ShopingCart.Application.csproj", "{08A0EC03-CFD9-4A13-B43C-61AC37B4E4F5}"
EndProject
Project("{9A19103F-16F7-4668-BE54-9A1E7A4F7556}") = "ShopingCart.Domain", "ShopingCart.Domain\ShopingCart.Domain.csproj", "{009622B2-4BDB-4E23-99F2-761B859B58A4}"
EndProject
Project("{9A19103F-16F7-4668-BE54-9A1E7A4F7556}") = "ShopingCart.Infrastructure", "ShopingCart.Infrastructure\ShopingCart.Infrastructure.csproj", "{575E5C40-19A8-4F6E-9349-6A2AA9EEEEBE}"
EndProject
Project("{FAE04EC0-301F-11D3-BF4B-00C04F79EFBC}") = "ShopingCart.DbMigrations", "ShopingCart.DbMigrations\ShopingCart.DbMigrations.csproj", "{7EBEFF0B-36D6-4282-A758-B6D88CAD6D23}"
EndProject
Global
	GlobalSection(SolutionConfigurationPlatforms) = preSolution
		Debug|Any CPU = Debug|Any CPU
		Release|Any CPU = Release|Any CPU
	EndGlobalSection
	GlobalSection(ProjectConfigurationPlatforms) = postSolution
		{0DF583E7-B46C-482F-9327-71BD84AB3364}.Debug|Any CPU.ActiveCfg = Debug|Any CPU
		{0DF583E7-B46C-482F-9327-71BD84AB3364}.Debug|Any CPU.Build.0 = Debug|Any CPU
		{0DF583E7-B46C-482F-9327-71BD84AB3364}.Release|Any CPU.ActiveCfg = Release|Any CPU
		{0DF583E7-B46C-482F-9327-71BD84AB3364}.Release|Any CPU.Build.0 = Release|Any CPU
		{08A0EC03-CFD9-4A13-B43C-61AC37B4E4F5}.Debug|Any CPU.ActiveCfg = Debug|Any CPU
		{08A0EC03-CFD9-4A13-B43C-61AC37B4E4F5}.Debug|Any CPU.Build.0 = Debug|Any CPU
		{08A0EC03-CFD9-4A13-B43C-61AC37B4E4F5}.Release|Any CPU.ActiveCfg = Release|Any CPU
		{08A0EC03-CFD9-4A13-B43C-61AC37B4E4F5}.Release|Any CPU.Build.0 = Release|Any CPU
		{009622B2-4BDB-4E23-99F2-761B859B58A4}.Debug|Any CPU.ActiveCfg = Debug|Any CPU
		{009622B2-4BDB-4E23-99F2-761B859B58A4}.Debug|Any CPU.Build.0 = Debug|Any CPU
		{009622B2-4BDB-4E23-99F2-761B859B58A4}.Release|Any CPU.ActiveCfg = Release|Any CPU
		{009622B2-4BDB-4E23-99F2-761B859B58A4}.Release|Any CPU.Build.0 = Release|Any CPU
		{575E5C40-19A8-4F6E-9349-6A2AA9EEEEBE}.Debug|Any CPU.ActiveCfg = Debug|Any CPU
		{575E5C40-19A8-4F6E-9349-6A2AA9EEEEBE}.Debug|Any CPU.Build.0 = Debug|Any CPU
		{575E5C40-19A8-4F6E-9349-6A2AA9EEEEBE}.Release|Any CPU.ActiveCfg = Release|Any CPU
		{575E5C40-19A8-4F6E-9349-6A2AA9EEEEBE}.Release|Any CPU.Build.0 = Release|Any CPU
		{7EBEFF0B-36D6-4282-A758-B6D88CAD6D23}.Debug|Any CPU.ActiveCfg = Debug|Any CPU
		{7EBEFF0B-36D6-4282-A758-B6D88CAD6D23}.Debug|Any CPU.Build.0 = Debug|Any CPU
		{7EBEFF0B-36D6-4282-A758-B6D88CAD6D23}.Release|Any CPU.ActiveCfg = Release|Any CPU
		{7EBEFF0B-36D6-4282-A758-B6D88CAD6D23}.Release|Any CPU.Build.0 = Release|Any CPU
	EndGlobalSection
	GlobalSection(SolutionProperties) = preSolution
		HideSolutionNode = FALSE
	EndGlobalSection
	GlobalSection(ExtensibilityGlobals) = postSolution
		SolutionGuid = {100754CA-6E0A-4767-BC39-1EA7574DF539}
	EndGlobalSection
EndGlobal
